
Microsoft Visual Studio Solution File, Format Version 12.00
# Visual Studio Version 16
VisualStudioVersion = 16.0.30114.105
MinimumVisualStudioVersion = 10.0.40219.1
Project("{FAE04EC0-301F-11D3-BF4B-00C04F79EFBC}") = "sort_b", "sort_b\sort_b.csproj", "{4BBC3515-08B9-4007-9E2B-C6F123DD2256}"
EndProject
Global
	GlobalSection(SolutionConfigurationPlatforms) = preSolution
		Debug|Any CPU = Debug|Any CPU
		Release|Any CPU = Release|Any CPU
	EndGlobalSection
	GlobalSection(ProjectConfigurationPlatforms) = postSolution
		{4BBC3515-08B9-4007-9E2B-C6F123DD2256}.Debug|Any CPU.ActiveCfg = Debug|Any CPU
		{4BBC3515-08B9-4007-9E2B-C6F123DD2256}.Debug|Any CPU.Build.0 = Debug|Any CPU
		{4BBC3515-08B9-4007-9E2B-C6F123DD2256}.Release|Any CPU.ActiveCfg = Release|Any CPU
		{4BBC3515-08B9-4007-9E2B-C6F123DD2256}.Release|Any CPU.Build.0 = Release|Any CPU
	EndGlobalSection
	GlobalSection(SolutionProperties) = preSolution
		HideSolutionNode = FALSE
	EndGlobalSection
	GlobalSection(ExtensibilityGlobals) = postSolution
		SolutionGuid = {E313857B-1DA3-4446-BE41-7330794436F8}
	EndGlobalSection
EndGlobal
