
Microsoft Visual Studio Solution File, Format Version 12.00
# Visual Studio Version 16
VisualStudioVersion = 16.0.30114.105
MinimumVisualStudioVersion = 10.0.40219.1
Project("{FAE04EC0-301F-11D3-BF4B-00C04F79EFBC}") = "Project Main", "Project Main\Project Main.csproj", "{684C9290-F1A6-4979-93B0-91A0BD3DA2EE}"
EndProject
Project("{FAE04EC0-301F-11D3-BF4B-00C04F79EFBC}") = "Project　Main2", "Project　Main2\Project　Main2.csproj", "{C7074A34-2926-4650-B0E8-FB5A30C5A5C5}"
EndProject
Global
	GlobalSection(SolutionConfigurationPlatforms) = preSolution
		Debug|Any CPU = Debug|Any CPU
		Release|Any CPU = Release|Any CPU
	EndGlobalSection
	GlobalSection(ProjectConfigurationPlatforms) = postSolution
		{684C9290-F1A6-4979-93B0-91A0BD3DA2EE}.Debug|Any CPU.ActiveCfg = Debug|Any CPU
		{684C9290-F1A6-4979-93B0-91A0BD3DA2EE}.Debug|Any CPU.Build.0 = Debug|Any CPU
		{684C9290-F1A6-4979-93B0-91A0BD3DA2EE}.Release|Any CPU.ActiveCfg = Release|Any CPU
		{684C9290-F1A6-4979-93B0-91A0BD3DA2EE}.Release|Any CPU.Build.0 = Release|Any CPU
		{C7074A34-2926-4650-B0E8-FB5A30C5A5C5}.Debug|Any CPU.ActiveCfg = Debug|Any CPU
		{C7074A34-2926-4650-B0E8-FB5A30C5A5C5}.Debug|Any CPU.Build.0 = Debug|Any CPU
		{C7074A34-2926-4650-B0E8-FB5A30C5A5C5}.Release|Any CPU.ActiveCfg = Release|Any CPU
		{C7074A34-2926-4650-B0E8-FB5A30C5A5C5}.Release|Any CPU.Build.0 = Release|Any CPU
	EndGlobalSection
	GlobalSection(SolutionProperties) = preSolution
		HideSolutionNode = FALSE
	EndGlobalSection
	GlobalSection(ExtensibilityGlobals) = postSolution
		SolutionGuid = {DEDC8FC8-90F9-4902-99FD-4A93DB5DA865}
	EndGlobalSection
EndGlobal
