
Microsoft Visual Studio Solution File, Format Version 12.00
# Visual Studio Version 16
VisualStudioVersion = 16.0.30114.105
MinimumVisualStudioVersion = 10.0.40219.1
Project("{FAE04EC0-301F-11D3-BF4B-00C04F79EFBC}") = "File", "File\File.csproj", "{DF980752-F677-4291-BBBA-81D84C58523B}"
EndProject
Global
	GlobalSection(SolutionConfigurationPlatforms) = preSolution
		Debug|Any CPU = Debug|Any CPU
		Release|Any CPU = Release|Any CPU
	EndGlobalSection
	GlobalSection(ProjectConfigurationPlatforms) = postSolution
		{DF980752-F677-4291-BBBA-81D84C58523B}.Debug|Any CPU.ActiveCfg = Debug|Any CPU
		{DF980752-F677-4291-BBBA-81D84C58523B}.Debug|Any CPU.Build.0 = Debug|Any CPU
		{DF980752-F677-4291-BBBA-81D84C58523B}.Release|Any CPU.ActiveCfg = Release|Any CPU
		{DF980752-F677-4291-BBBA-81D84C58523B}.Release|Any CPU.Build.0 = Release|Any CPU
	EndGlobalSection
	GlobalSection(SolutionProperties) = preSolution
		HideSolutionNode = FALSE
	EndGlobalSection
	GlobalSection(ExtensibilityGlobals) = postSolution
		SolutionGuid = {9100808E-4163-4C06-A0CD-52606701976D}
	EndGlobalSection
EndGlobal
