
Microsoft Visual Studio Solution File, Format Version 12.00
# Visual Studio Version 16
VisualStudioVersion = 16.0.30114.105
MinimumVisualStudioVersion = 10.0.40219.1
Project("{FAE04EC0-301F-11D3-BF4B-00C04F79EFBC}") = "Sort", "Sort\Sort.csproj", "{61C665A9-C2F9-4E1F-9BA5-E7E11C85AD70}"
EndProject
Global
	GlobalSection(SolutionConfigurationPlatforms) = preSolution
		Debug|Any CPU = Debug|Any CPU
		Release|Any CPU = Release|Any CPU
	EndGlobalSection
	GlobalSection(ProjectConfigurationPlatforms) = postSolution
		{61C665A9-C2F9-4E1F-9BA5-E7E11C85AD70}.Debug|Any CPU.ActiveCfg = Debug|Any CPU
		{61C665A9-C2F9-4E1F-9BA5-E7E11C85AD70}.Debug|Any CPU.Build.0 = Debug|Any CPU
		{61C665A9-C2F9-4E1F-9BA5-E7E11C85AD70}.Release|Any CPU.ActiveCfg = Release|Any CPU
		{61C665A9-C2F9-4E1F-9BA5-E7E11C85AD70}.Release|Any CPU.Build.0 = Release|Any CPU
	EndGlobalSection
	GlobalSection(SolutionProperties) = preSolution
		HideSolutionNode = FALSE
	EndGlobalSection
	GlobalSection(ExtensibilityGlobals) = postSolution
		SolutionGuid = {3023B745-FA57-4522-B9AE-0CA00D105AA3}
	EndGlobalSection
EndGlobal
