
Microsoft Visual Studio Solution File, Format Version 12.00
# Visual Studio Version 16
VisualStudioVersion = 16.0.30114.105
MinimumVisualStudioVersion = 10.0.40219.1
Project("{FAE04EC0-301F-11D3-BF4B-00C04F79EFBC}") = "Project_7.8", "Project_7.8\Project_7.8.csproj", "{1A3DE6BB-2CFE-4820-9C50-FE2AD1C043B2}"
EndProject
Global
	GlobalSection(SolutionConfigurationPlatforms) = preSolution
		Debug|Any CPU = Debug|Any CPU
		Release|Any CPU = Release|Any CPU
	EndGlobalSection
	GlobalSection(ProjectConfigurationPlatforms) = postSolution
		{1A3DE6BB-2CFE-4820-9C50-FE2AD1C043B2}.Debug|Any CPU.ActiveCfg = Debug|Any CPU
		{1A3DE6BB-2CFE-4820-9C50-FE2AD1C043B2}.Debug|Any CPU.Build.0 = Debug|Any CPU
		{1A3DE6BB-2CFE-4820-9C50-FE2AD1C043B2}.Release|Any CPU.ActiveCfg = Release|Any CPU
		{1A3DE6BB-2CFE-4820-9C50-FE2AD1C043B2}.Release|Any CPU.Build.0 = Release|Any CPU
	EndGlobalSection
	GlobalSection(SolutionProperties) = preSolution
		HideSolutionNode = FALSE
	EndGlobalSection
	GlobalSection(ExtensibilityGlobals) = postSolution
		SolutionGuid = {72266127-6F81-44D3-8DEC-B3D9C02B87DA}
	EndGlobalSection
EndGlobal
